
Microsoft Visual Studio Solution File, Format Version 12.00
# Visual Studio Version 17
VisualStudioVersion = 17.4.33122.133
MinimumVisualStudioVersion = 10.0.40219.1
Project("{9A19103F-16F7-4668-BE54-9A1E7A4F7556}") = "ShortUrl.Web", "ShortUrl.Web\ShortUrl.Web.csproj", "{B9BD3C7A-0493-4DCC-B3D2-89CCD8525C40}"
EndProject
Project("{9A19103F-16F7-4668-BE54-9A1E7A4F7556}") = "ShortUrl.Api", "ShortUrl.Api\ShortUrl.Api.csproj", "{896C185C-EFE1-4E96-AA2C-942AFDB095F2}"
EndProject
Project("{E53339B2-1760-4266-BCC7-CA923CBCF16C}") = "docker-compose", "docker-compose.dcproj", "{F5D50FC6-41D1-4790-848F-F1B5C1AFDD19}"
EndProject
Project("{2150E333-8FDC-42A3-9474-1A3956D46DE8}") = "src", "src", "{398A0FB1-FC16-4522-80CA-246A660ED0ED}"
EndProject
Project("{2150E333-8FDC-42A3-9474-1A3956D46DE8}") = "Services", "Services", "{7FFEBB97-B7D0-4D99-AD88-8D7B06AE9085}"
EndProject
Project("{2150E333-8FDC-42A3-9474-1A3956D46DE8}") = "Web apps", "Web apps", "{00C54A12-5AEA-488C-A6EC-F35A0A477B7F}"
EndProject
Project("{2150E333-8FDC-42A3-9474-1A3956D46DE8}") = "Api", "Api", "{CA6CD751-D950-4F22-B892-5B7DC5AA0BE4}"
EndProject
Project("{2150E333-8FDC-42A3-9474-1A3956D46DE8}") = "Tests", "Tests", "{552E3DEF-B4DB-42C1-B92D-E7CB341E6395}"
EndProject
Project("{FAE04EC0-301F-11D3-BF4B-00C04F79EFBC}") = "Api.UnitTests", "..\Api.UnitTests\Api.UnitTests.csproj", "{612AF05F-83EF-4989-8F36-278BE4BBD551}"
EndProject
Global
	GlobalSection(SolutionConfigurationPlatforms) = preSolution
		Debug|Any CPU = Debug|Any CPU
		Release|Any CPU = Release|Any CPU
	EndGlobalSection
	GlobalSection(ProjectConfigurationPlatforms) = postSolution
		{B9BD3C7A-0493-4DCC-B3D2-89CCD8525C40}.Debug|Any CPU.ActiveCfg = Debug|Any CPU
		{B9BD3C7A-0493-4DCC-B3D2-89CCD8525C40}.Debug|Any CPU.Build.0 = Debug|Any CPU
		{B9BD3C7A-0493-4DCC-B3D2-89CCD8525C40}.Release|Any CPU.ActiveCfg = Release|Any CPU
		{B9BD3C7A-0493-4DCC-B3D2-89CCD8525C40}.Release|Any CPU.Build.0 = Release|Any CPU
		{896C185C-EFE1-4E96-AA2C-942AFDB095F2}.Debug|Any CPU.ActiveCfg = Debug|Any CPU
		{896C185C-EFE1-4E96-AA2C-942AFDB095F2}.Debug|Any CPU.Build.0 = Debug|Any CPU
		{896C185C-EFE1-4E96-AA2C-942AFDB095F2}.Release|Any CPU.ActiveCfg = Release|Any CPU
		{896C185C-EFE1-4E96-AA2C-942AFDB095F2}.Release|Any CPU.Build.0 = Release|Any CPU
		{F5D50FC6-41D1-4790-848F-F1B5C1AFDD19}.Debug|Any CPU.ActiveCfg = Debug|Any CPU
		{F5D50FC6-41D1-4790-848F-F1B5C1AFDD19}.Debug|Any CPU.Build.0 = Debug|Any CPU
		{F5D50FC6-41D1-4790-848F-F1B5C1AFDD19}.Release|Any CPU.ActiveCfg = Release|Any CPU
		{F5D50FC6-41D1-4790-848F-F1B5C1AFDD19}.Release|Any CPU.Build.0 = Release|Any CPU
		{612AF05F-83EF-4989-8F36-278BE4BBD551}.Debug|Any CPU.ActiveCfg = Debug|Any CPU
		{612AF05F-83EF-4989-8F36-278BE4BBD551}.Debug|Any CPU.Build.0 = Debug|Any CPU
		{612AF05F-83EF-4989-8F36-278BE4BBD551}.Release|Any CPU.ActiveCfg = Release|Any CPU
		{612AF05F-83EF-4989-8F36-278BE4BBD551}.Release|Any CPU.Build.0 = Release|Any CPU
	EndGlobalSection
	GlobalSection(SolutionProperties) = preSolution
		HideSolutionNode = FALSE
	EndGlobalSection
	GlobalSection(NestedProjects) = preSolution
		{B9BD3C7A-0493-4DCC-B3D2-89CCD8525C40} = {00C54A12-5AEA-488C-A6EC-F35A0A477B7F}
		{896C185C-EFE1-4E96-AA2C-942AFDB095F2} = {CA6CD751-D950-4F22-B892-5B7DC5AA0BE4}
		{7FFEBB97-B7D0-4D99-AD88-8D7B06AE9085} = {398A0FB1-FC16-4522-80CA-246A660ED0ED}
		{00C54A12-5AEA-488C-A6EC-F35A0A477B7F} = {398A0FB1-FC16-4522-80CA-246A660ED0ED}
		{CA6CD751-D950-4F22-B892-5B7DC5AA0BE4} = {7FFEBB97-B7D0-4D99-AD88-8D7B06AE9085}
		{552E3DEF-B4DB-42C1-B92D-E7CB341E6395} = {CA6CD751-D950-4F22-B892-5B7DC5AA0BE4}
		{612AF05F-83EF-4989-8F36-278BE4BBD551} = {552E3DEF-B4DB-42C1-B92D-E7CB341E6395}
	EndGlobalSection
	GlobalSection(ExtensibilityGlobals) = postSolution
		SolutionGuid = {97975F73-9B16-4460-B228-2C258CA216C1}
	EndGlobalSection
EndGlobal
